// !$*UTF8*$!
{
	archiveVersion = 1;
	classes = {
	};
	objectVersion = 48;
	objects = {

/* Begin PBXBuildFile section */
		062149FF1F68BF52007497AB /* AppDelegate.swift in Sources */ = {isa = PBXBuildFile; fileRef = 062149FE1F68BF52007497AB /* AppDelegate.swift */; };
		06214A041F68BF52007497AB /* Main.storyboard in Resources */ = {isa = PBXBuildFile; fileRef = 06214A021F68BF52007497AB /* Main.storyboard */; };
		06214A061F68BF52007497AB /* Assets.xcassets in Resources */ = {isa = PBXBuildFile; fileRef = 06214A051F68BF52007497AB /* Assets.xcassets */; };
		06214A091F68BF52007497AB /* LaunchScreen.storyboard in Resources */ = {isa = PBXBuildFile; fileRef = 06214A071F68BF52007497AB /* LaunchScreen.storyboard */; };
		06214A141F68BF52007497AB /* WannaWatchTests.swift in Sources */ = {isa = PBXBuildFile; fileRef = 06214A131F68BF52007497AB /* WannaWatchTests.swift */; };
		062213861F7654840080EF08 /* BindableType.swift in Sources */ = {isa = PBXBuildFile; fileRef = 062213851F7654840080EF08 /* BindableType.swift */; };
		0622138A1F7656760080EF08 /* MovieServiceType.swift in Sources */ = {isa = PBXBuildFile; fileRef = 062213891F7656760080EF08 /* MovieServiceType.swift */; };
		062DEA541F78A17E0069DEB7 /* MovieDetailViewViewModel.swift in Sources */ = {isa = PBXBuildFile; fileRef = 062DEA531F78A17E0069DEB7 /* MovieDetailViewViewModel.swift */; };
		062DEA561F78A1920069DEB7 /* MovieDetailViewController.swift in Sources */ = {isa = PBXBuildFile; fileRef = 062DEA551F78A1920069DEB7 /* MovieDetailViewController.swift */; };
		062DEA591F78A6F80069DEB7 /* CustomButton.swift in Sources */ = {isa = PBXBuildFile; fileRef = 062DEA581F78A6F80069DEB7 /* CustomButton.swift */; };
		06397AC11F78C5A700F43431 /* Scene.swift in Sources */ = {isa = PBXBuildFile; fileRef = 06397AC01F78C5A700F43431 /* Scene.swift */; };
		06397AC31F78CA5300F43431 /* SceneCoordinatorType.swift in Sources */ = {isa = PBXBuildFile; fileRef = 06397AC21F78CA5300F43431 /* SceneCoordinatorType.swift */; };
		06397AC51F78CAAE00F43431 /* SceneTransitionType.swift in Sources */ = {isa = PBXBuildFile; fileRef = 06397AC41F78CAAE00F43431 /* SceneTransitionType.swift */; };
		06397AC71F78D3E600F43431 /* SceneCoordinator.swift in Sources */ = {isa = PBXBuildFile; fileRef = 06397AC61F78D3E600F43431 /* SceneCoordinator.swift */; };
		063B3C561F76608D00D9DAE6 /* MovieService.swift in Sources */ = {isa = PBXBuildFile; fileRef = 063B3C551F76608D00D9DAE6 /* MovieService.swift */; };
		0697A7C61F6DFAD800BE78DB /* MovieListTableViewCell.swift in Sources */ = {isa = PBXBuildFile; fileRef = 0697A7C51F6DFAD800BE78DB /* MovieListTableViewCell.swift */; };
		0697A7C91F6DFCD300BE78DB /* RequestRouter.swift in Sources */ = {isa = PBXBuildFile; fileRef = 0697A7C81F6DFCD300BE78DB /* RequestRouter.swift */; };
		0697A7CC1F6E3E5E00BE78DB /* MainTabBarController.swift in Sources */ = {isa = PBXBuildFile; fileRef = 0697A7CB1F6E3E5E00BE78DB /* MainTabBarController.swift */; };
		0697A7CE1F6E53BF00BE78DB /* MovieListViewViewModel.swift in Sources */ = {isa = PBXBuildFile; fileRef = 0697A7CD1F6E53BF00BE78DB /* MovieListViewViewModel.swift */; };
		06D3C6651F68D00700AF38D8 /* Movie.swift in Sources */ = {isa = PBXBuildFile; fileRef = 06D3C6641F68D00700AF38D8 /* Movie.swift */; };
		06E2C7251F6DFA66003A28DE /* MovieListViewController.swift in Sources */ = {isa = PBXBuildFile; fileRef = 06E2C7241F6DFA66003A28DE /* MovieListViewController.swift */; };
		2275859C55960B55F42DA561 /* Pods_WannaWatch.framework in Frameworks */ = {isa = PBXBuildFile; fileRef = 891E10C86E3033EDD8B014B3 /* Pods_WannaWatch.framework */; };
		72F16B2070463A6181A1E457 /* Pods_WannaWatchTests.framework in Frameworks */ = {isa = PBXBuildFile; fileRef = 5ABF98A1E9F72123B234077A /* Pods_WannaWatchTests.framework */; };
/* End PBXBuildFile section */

/* Begin PBXContainerItemProxy section */
		06214A101F68BF52007497AB /* PBXContainerItemProxy */ = {
			isa = PBXContainerItemProxy;
			containerPortal = 062149F31F68BF52007497AB /* Project object */;
			proxyType = 1;
			remoteGlobalIDString = 062149FA1F68BF52007497AB;
			remoteInfo = WannaWatch;
		};
/* End PBXContainerItemProxy section */

/* Begin PBXFileReference section */
		062149FB1F68BF52007497AB /* WannaWatch.app */ = {isa = PBXFileReference; explicitFileType = wrapper.application; includeInIndex = 0; path = WannaWatch.app; sourceTree = BUILT_PRODUCTS_DIR; };
		062149FE1F68BF52007497AB /* AppDelegate.swift */ = {isa = PBXFileReference; lastKnownFileType = sourcecode.swift; path = AppDelegate.swift; sourceTree = "<group>"; };
		06214A031F68BF52007497AB /* Base */ = {isa = PBXFileReference; lastKnownFileType = file.storyboard; name = Base; path = Base.lproj/Main.storyboard; sourceTree = "<group>"; };
		06214A051F68BF52007497AB /* Assets.xcassets */ = {isa = PBXFileReference; lastKnownFileType = folder.assetcatalog; path = Assets.xcassets; sourceTree = "<group>"; };
		06214A081F68BF52007497AB /* Base */ = {isa = PBXFileReference; lastKnownFileType = file.storyboard; name = Base; path = Base.lproj/LaunchScreen.storyboard; sourceTree = "<group>"; };
		06214A0A1F68BF52007497AB /* Info.plist */ = {isa = PBXFileReference; lastKnownFileType = text.plist.xml; path = Info.plist; sourceTree = "<group>"; };
		06214A0F1F68BF52007497AB /* WannaWatchTests.xctest */ = {isa = PBXFileReference; explicitFileType = wrapper.cfbundle; includeInIndex = 0; path = WannaWatchTests.xctest; sourceTree = BUILT_PRODUCTS_DIR; };
		06214A131F68BF52007497AB /* WannaWatchTests.swift */ = {isa = PBXFileReference; lastKnownFileType = sourcecode.swift; path = WannaWatchTests.swift; sourceTree = "<group>"; };
		06214A151F68BF52007497AB /* Info.plist */ = {isa = PBXFileReference; lastKnownFileType = text.plist.xml; path = Info.plist; sourceTree = "<group>"; };
		062213851F7654840080EF08 /* BindableType.swift */ = {isa = PBXFileReference; lastKnownFileType = sourcecode.swift; path = BindableType.swift; sourceTree = "<group>"; };
		062213891F7656760080EF08 /* MovieServiceType.swift */ = {isa = PBXFileReference; lastKnownFileType = sourcecode.swift; path = MovieServiceType.swift; sourceTree = "<group>"; };
		062DEA531F78A17E0069DEB7 /* MovieDetailViewViewModel.swift */ = {isa = PBXFileReference; lastKnownFileType = sourcecode.swift; path = MovieDetailViewViewModel.swift; sourceTree = "<group>"; };
		062DEA551F78A1920069DEB7 /* MovieDetailViewController.swift */ = {isa = PBXFileReference; lastKnownFileType = sourcecode.swift; path = MovieDetailViewController.swift; sourceTree = "<group>"; };
		062DEA581F78A6F80069DEB7 /* CustomButton.swift */ = {isa = PBXFileReference; lastKnownFileType = sourcecode.swift; path = CustomButton.swift; sourceTree = "<group>"; };
		06397AC01F78C5A700F43431 /* Scene.swift */ = {isa = PBXFileReference; lastKnownFileType = sourcecode.swift; path = Scene.swift; sourceTree = "<group>"; };
		06397AC21F78CA5300F43431 /* SceneCoordinatorType.swift */ = {isa = PBXFileReference; lastKnownFileType = sourcecode.swift; path = SceneCoordinatorType.swift; sourceTree = "<group>"; };
		06397AC41F78CAAE00F43431 /* SceneTransitionType.swift */ = {isa = PBXFileReference; lastKnownFileType = sourcecode.swift; path = SceneTransitionType.swift; sourceTree = "<group>"; };
		06397AC61F78D3E600F43431 /* SceneCoordinator.swift */ = {isa = PBXFileReference; lastKnownFileType = sourcecode.swift; path = SceneCoordinator.swift; sourceTree = "<group>"; };
		063B3C551F76608D00D9DAE6 /* MovieService.swift */ = {isa = PBXFileReference; lastKnownFileType = sourcecode.swift; path = MovieService.swift; sourceTree = "<group>"; };
		0697A7C51F6DFAD800BE78DB /* MovieListTableViewCell.swift */ = {isa = PBXFileReference; lastKnownFileType = sourcecode.swift; path = MovieListTableViewCell.swift; sourceTree = "<group>"; };
		0697A7C81F6DFCD300BE78DB /* RequestRouter.swift */ = {isa = PBXFileReference; lastKnownFileType = sourcecode.swift; path = RequestRouter.swift; sourceTree = "<group>"; };
		0697A7CB1F6E3E5E00BE78DB /* MainTabBarController.swift */ = {isa = PBXFileReference; lastKnownFileType = sourcecode.swift; path = MainTabBarController.swift; sourceTree = "<group>"; };
		0697A7CD1F6E53BF00BE78DB /* MovieListViewViewModel.swift */ = {isa = PBXFileReference; lastKnownFileType = sourcecode.swift; path = MovieListViewViewModel.swift; sourceTree = "<group>"; };
		06D3C6641F68D00700AF38D8 /* Movie.swift */ = {isa = PBXFileReference; lastKnownFileType = sourcecode.swift; path = Movie.swift; sourceTree = "<group>"; };
		06E2C7241F6DFA66003A28DE /* MovieListViewController.swift */ = {isa = PBXFileReference; lastKnownFileType = sourcecode.swift; path = MovieListViewController.swift; sourceTree = "<group>"; };
		5ABF98A1E9F72123B234077A /* Pods_WannaWatchTests.framework */ = {isa = PBXFileReference; explicitFileType = wrapper.framework; includeInIndex = 0; path = Pods_WannaWatchTests.framework; sourceTree = BUILT_PRODUCTS_DIR; };
		615A9E55CB1FC10E24EB3C76 /* Pods-WannaWatchTests.release.xcconfig */ = {isa = PBXFileReference; includeInIndex = 1; lastKnownFileType = text.xcconfig; name = "Pods-WannaWatchTests.release.xcconfig"; path = "Pods/Target Support Files/Pods-WannaWatchTests/Pods-WannaWatchTests.release.xcconfig"; sourceTree = "<group>"; };
		842588D37849E78B27B00227 /* Pods-WannaWatch.release.xcconfig */ = {isa = PBXFileReference; includeInIndex = 1; lastKnownFileType = text.xcconfig; name = "Pods-WannaWatch.release.xcconfig"; path = "Pods/Target Support Files/Pods-WannaWatch/Pods-WannaWatch.release.xcconfig"; sourceTree = "<group>"; };
		891E10C86E3033EDD8B014B3 /* Pods_WannaWatch.framework */ = {isa = PBXFileReference; explicitFileType = wrapper.framework; includeInIndex = 0; path = Pods_WannaWatch.framework; sourceTree = BUILT_PRODUCTS_DIR; };
		EF5783973929346D8DD722F5 /* Pods-WannaWatch.debug.xcconfig */ = {isa = PBXFileReference; includeInIndex = 1; lastKnownFileType = text.xcconfig; name = "Pods-WannaWatch.debug.xcconfig"; path = "Pods/Target Support Files/Pods-WannaWatch/Pods-WannaWatch.debug.xcconfig"; sourceTree = "<group>"; };
		F976A799496A8F21B5137533 /* Pods-WannaWatchTests.debug.xcconfig */ = {isa = PBXFileReference; includeInIndex = 1; lastKnownFileType = text.xcconfig; name = "Pods-WannaWatchTests.debug.xcconfig"; path = "Pods/Target Support Files/Pods-WannaWatchTests/Pods-WannaWatchTests.debug.xcconfig"; sourceTree = "<group>"; };
/* End PBXFileReference section */

/* Begin PBXFrameworksBuildPhase section */
		062149F81F68BF52007497AB /* Frameworks */ = {
			isa = PBXFrameworksBuildPhase;
			buildActionMask = 2147483647;
			files = (
				2275859C55960B55F42DA561 /* Pods_WannaWatch.framework in Frameworks */,
			);
			runOnlyForDeploymentPostprocessing = 0;
		};
		06214A0C1F68BF52007497AB /* Frameworks */ = {
			isa = PBXFrameworksBuildPhase;
			buildActionMask = 2147483647;
			files = (
				72F16B2070463A6181A1E457 /* Pods_WannaWatchTests.framework in Frameworks */,
			);
			runOnlyForDeploymentPostprocessing = 0;
		};
/* End PBXFrameworksBuildPhase section */

/* Begin PBXGroup section */
		061D81F41F68CC15003CADF2 /* Storyboards */ = {
			isa = PBXGroup;
			children = (
				06214A021F68BF52007497AB /* Main.storyboard */,
				06214A071F68BF52007497AB /* LaunchScreen.storyboard */,
			);
			path = Storyboards;
			sourceTree = "<group>";
		};
		061D81F51F68CC25003CADF2 /* ViewControllers */ = {
			isa = PBXGroup;
			children = (
				062213841F7654660080EF08 /* Protocols */,
				0697A7CA1F6E3E3300BE78DB /* MainTabBar */,
				062DEA521F78A1560069DEB7 /* MovieDetailView */,
				061D81F71F68CD0C003CADF2 /* MovieListView */,
			);
			path = ViewControllers;
			sourceTree = "<group>";
		};
		061D81F61F68CC36003CADF2 /* Supporting Files */ = {
			isa = PBXGroup;
			children = (
				06214A051F68BF52007497AB /* Assets.xcassets */,
				06214A0A1F68BF52007497AB /* Info.plist */,
			);
			path = "Supporting Files";
			sourceTree = "<group>";
		};
		061D81F71F68CD0C003CADF2 /* MovieListView */ = {
			isa = PBXGroup;
			children = (
				06E2C7241F6DFA66003A28DE /* MovieListViewController.swift */,
				0697A7C51F6DFAD800BE78DB /* MovieListTableViewCell.swift */,
				0697A7CD1F6E53BF00BE78DB /* MovieListViewViewModel.swift */,
			);
			path = MovieListView;
			sourceTree = "<group>";
		};
		061D81F81F68CD26003CADF2 /* Models */ = {
			isa = PBXGroup;
			children = (
				06D3C6641F68D00700AF38D8 /* Movie.swift */,
			);
			path = Models;
			sourceTree = "<group>";
		};
		062149F21F68BF52007497AB = {
			isa = PBXGroup;
			children = (
				062149FD1F68BF52007497AB /* WannaWatch */,
				06214A121F68BF52007497AB /* WannaWatchTests */,
				062149FC1F68BF52007497AB /* Products */,
				A2117B4B122FA5F625613DD5 /* Pods */,
				353B40E5A00FCD044E231011 /* Frameworks */,
			);
			sourceTree = "<group>";
		};
		062149FC1F68BF52007497AB /* Products */ = {
			isa = PBXGroup;
			children = (
				062149FB1F68BF52007497AB /* WannaWatch.app */,
				06214A0F1F68BF52007497AB /* WannaWatchTests.xctest */,
			);
			name = Products;
			sourceTree = "<group>";
		};
		062149FD1F68BF52007497AB /* WannaWatch */ = {
			isa = PBXGroup;
			children = (
				062149FE1F68BF52007497AB /* AppDelegate.swift */,
				06397ABF1F78C59200F43431 /* SceneCoordinator */,
				0697A7C71F6DFCA300BE78DB /* API */,
				062213871F7656460080EF08 /* Services */,
				061D81F81F68CD26003CADF2 /* Models */,
				061D81F51F68CC25003CADF2 /* ViewControllers */,
				061D81F41F68CC15003CADF2 /* Storyboards */,
				062DEA571F78A6E30069DEB7 /* Helpers */,
				061D81F61F68CC36003CADF2 /* Supporting Files */,
			);
			path = WannaWatch;
			sourceTree = "<group>";
		};
		06214A121F68BF52007497AB /* WannaWatchTests */ = {
			isa = PBXGroup;
			children = (
				06214A131F68BF52007497AB /* WannaWatchTests.swift */,
				06214A151F68BF52007497AB /* Info.plist */,
			);
			path = WannaWatchTests;
			sourceTree = "<group>";
		};
		062213841F7654660080EF08 /* Protocols */ = {
			isa = PBXGroup;
			children = (
				062213851F7654840080EF08 /* BindableType.swift */,
			);
			path = Protocols;
			sourceTree = "<group>";
		};
		062213871F7656460080EF08 /* Services */ = {
			isa = PBXGroup;
			children = (
				062213881F7656630080EF08 /* MovieService */,
			);
			path = Services;
			sourceTree = "<group>";
		};
		062213881F7656630080EF08 /* MovieService */ = {
			isa = PBXGroup;
			children = (
				062213891F7656760080EF08 /* MovieServiceType.swift */,
				063B3C551F76608D00D9DAE6 /* MovieService.swift */,
			);
			path = MovieService;
			sourceTree = "<group>";
		};
		062DEA521F78A1560069DEB7 /* MovieDetailView */ = {
			isa = PBXGroup;
			children = (
				062DEA531F78A17E0069DEB7 /* MovieDetailViewViewModel.swift */,
				062DEA551F78A1920069DEB7 /* MovieDetailViewController.swift */,
			);
			path = MovieDetailView;
			sourceTree = "<group>";
		};
		062DEA571F78A6E30069DEB7 /* Helpers */ = {
			isa = PBXGroup;
			children = (
				062DEA581F78A6F80069DEB7 /* CustomButton.swift */,
			);
			path = Helpers;
			sourceTree = "<group>";
		};
		06397ABF1F78C59200F43431 /* SceneCoordinator */ = {
			isa = PBXGroup;
			children = (
				06397AC01F78C5A700F43431 /* Scene.swift */,
				06397AC21F78CA5300F43431 /* SceneCoordinatorType.swift */,
				06397AC41F78CAAE00F43431 /* SceneTransitionType.swift */,
				06397AC61F78D3E600F43431 /* SceneCoordinator.swift */,
			);
			path = SceneCoordinator;
			sourceTree = "<group>";
		};
		0697A7C71F6DFCA300BE78DB /* API */ = {
			isa = PBXGroup;
			children = (
				0697A7C81F6DFCD300BE78DB /* RequestRouter.swift */,
			);
			path = API;
			sourceTree = "<group>";
		};
		0697A7CA1F6E3E3300BE78DB /* MainTabBar */ = {
			isa = PBXGroup;
			children = (
				0697A7CB1F6E3E5E00BE78DB /* MainTabBarController.swift */,
			);
			path = MainTabBar;
			sourceTree = "<group>";
		};
		353B40E5A00FCD044E231011 /* Frameworks */ = {
			isa = PBXGroup;
			children = (
				891E10C86E3033EDD8B014B3 /* Pods_WannaWatch.framework */,
				5ABF98A1E9F72123B234077A /* Pods_WannaWatchTests.framework */,
			);
			name = Frameworks;
			sourceTree = "<group>";
		};
		A2117B4B122FA5F625613DD5 /* Pods */ = {
			isa = PBXGroup;
			children = (
				EF5783973929346D8DD722F5 /* Pods-WannaWatch.debug.xcconfig */,
				842588D37849E78B27B00227 /* Pods-WannaWatch.release.xcconfig */,
				F976A799496A8F21B5137533 /* Pods-WannaWatchTests.debug.xcconfig */,
				615A9E55CB1FC10E24EB3C76 /* Pods-WannaWatchTests.release.xcconfig */,
			);
			name = Pods;
			sourceTree = "<group>";
		};
/* End PBXGroup section */

/* Begin PBXNativeTarget section */
		062149FA1F68BF52007497AB /* WannaWatch */ = {
			isa = PBXNativeTarget;
			buildConfigurationList = 06214A181F68BF52007497AB /* Build configuration list for PBXNativeTarget "WannaWatch" */;
			buildPhases = (
				6FD4C4F27E7099EECBB46867 /* [CP] Check Pods Manifest.lock */,
				062149F71F68BF52007497AB /* Sources */,
				062149F81F68BF52007497AB /* Frameworks */,
				062149F91F68BF52007497AB /* Resources */,
				1FFA8AC65738DDDC4955CA4E /* [CP] Embed Pods Frameworks */,
				F1589AFFB5DBA72FD6E4D0A3 /* [CP] Copy Pods Resources */,
			);
			buildRules = (
			);
			dependencies = (
			);
			name = WannaWatch;
			productName = WannaWatch;
			productReference = 062149FB1F68BF52007497AB /* WannaWatch.app */;
			productType = "com.apple.product-type.application";
		};
		06214A0E1F68BF52007497AB /* WannaWatchTests */ = {
			isa = PBXNativeTarget;
			buildConfigurationList = 06214A1B1F68BF52007497AB /* Build configuration list for PBXNativeTarget "WannaWatchTests" */;
			buildPhases = (
				FD9150163B26331AD7FF34D3 /* [CP] Check Pods Manifest.lock */,
				06214A0B1F68BF52007497AB /* Sources */,
				06214A0C1F68BF52007497AB /* Frameworks */,
				06214A0D1F68BF52007497AB /* Resources */,
				392F13EBCF463EFD6219FD04 /* [CP] Embed Pods Frameworks */,
				77B450B482DC037D671C2969 /* [CP] Copy Pods Resources */,
			);
			buildRules = (
			);
			dependencies = (
				06214A111F68BF52007497AB /* PBXTargetDependency */,
			);
			name = WannaWatchTests;
			productName = WannaWatchTests;
			productReference = 06214A0F1F68BF52007497AB /* WannaWatchTests.xctest */;
			productType = "com.apple.product-type.bundle.unit-test";
		};
/* End PBXNativeTarget section */

/* Begin PBXProject section */
		062149F31F68BF52007497AB /* Project object */ = {
			isa = PBXProject;
			attributes = {
				LastSwiftUpdateCheck = 0900;
				LastUpgradeCheck = 0900;
				ORGANIZATIONNAME = "Francis Breidenbach";
				TargetAttributes = {
					062149FA1F68BF52007497AB = {
						CreatedOnToolsVersion = 9.0;
						LastSwiftMigration = 0900;
						ProvisioningStyle = Automatic;
					};
					06214A0E1F68BF52007497AB = {
						CreatedOnToolsVersion = 9.0;
						LastSwiftMigration = 0900;
						ProvisioningStyle = Automatic;
						TestTargetID = 062149FA1F68BF52007497AB;
					};
				};
			};
			buildConfigurationList = 062149F61F68BF52007497AB /* Build configuration list for PBXProject "WannaWatch" */;
			compatibilityVersion = "Xcode 8.0";
			developmentRegion = en;
			hasScannedForEncodings = 0;
			knownRegions = (
				en,
				Base,
			);
			mainGroup = 062149F21F68BF52007497AB;
			productRefGroup = 062149FC1F68BF52007497AB /* Products */;
			projectDirPath = "";
			projectRoot = "";
			targets = (
				062149FA1F68BF52007497AB /* WannaWatch */,
				06214A0E1F68BF52007497AB /* WannaWatchTests */,
			);
		};
/* End PBXProject section */

/* Begin PBXResourcesBuildPhase section */
		062149F91F68BF52007497AB /* Resources */ = {
			isa = PBXResourcesBuildPhase;
			buildActionMask = 2147483647;
			files = (
				06214A091F68BF52007497AB /* LaunchScreen.storyboard in Resources */,
				06214A061F68BF52007497AB /* Assets.xcassets in Resources */,
				06214A041F68BF52007497AB /* Main.storyboard in Resources */,
			);
			runOnlyForDeploymentPostprocessing = 0;
		};
		06214A0D1F68BF52007497AB /* Resources */ = {
			isa = PBXResourcesBuildPhase;
			buildActionMask = 2147483647;
			files = (
			);
			runOnlyForDeploymentPostprocessing = 0;
		};
/* End PBXResourcesBuildPhase section */

/* Begin PBXShellScriptBuildPhase section */
		1FFA8AC65738DDDC4955CA4E /* [CP] Embed Pods Frameworks */ = {
			isa = PBXShellScriptBuildPhase;
			buildActionMask = 2147483647;
			files = (
			);
			inputPaths = (
				"${SRCROOT}/Pods/Target Support Files/Pods-WannaWatch/Pods-WannaWatch-frameworks.sh",
				"${BUILT_PRODUCTS_DIR}/Action/Action.framework",
				"${BUILT_PRODUCTS_DIR}/Alamofire/Alamofire.framework",
				"${BUILT_PRODUCTS_DIR}/Kingfisher/Kingfisher.framework",
				"${BUILT_PRODUCTS_DIR}/Realm/Realm.framework",
				"${BUILT_PRODUCTS_DIR}/RealmSwift/RealmSwift.framework",
				"${BUILT_PRODUCTS_DIR}/RxAlamofire/RxAlamofire.framework",
				"${BUILT_PRODUCTS_DIR}/RxCocoa/RxCocoa.framework",
				"${BUILT_PRODUCTS_DIR}/RxRealm/RxRealm.framework",
				"${BUILT_PRODUCTS_DIR}/RxRealmDataSources/RxRealmDataSources.framework",
				"${BUILT_PRODUCTS_DIR}/RxSwift/RxSwift.framework",
				"${BUILT_PRODUCTS_DIR}/SwiftyJSON/SwiftyJSON.framework",
			);
			name = "[CP] Embed Pods Frameworks";
			outputPaths = (
				"${TARGET_BUILD_DIR}/${FRAMEWORKS_FOLDER_PATH}/Action.framework",
				"${TARGET_BUILD_DIR}/${FRAMEWORKS_FOLDER_PATH}/Alamofire.framework",
				"${TARGET_BUILD_DIR}/${FRAMEWORKS_FOLDER_PATH}/Kingfisher.framework",
				"${TARGET_BUILD_DIR}/${FRAMEWORKS_FOLDER_PATH}/Realm.framework",
				"${TARGET_BUILD_DIR}/${FRAMEWORKS_FOLDER_PATH}/RealmSwift.framework",
				"${TARGET_BUILD_DIR}/${FRAMEWORKS_FOLDER_PATH}/RxAlamofire.framework",
				"${TARGET_BUILD_DIR}/${FRAMEWORKS_FOLDER_PATH}/RxCocoa.framework",
				"${TARGET_BUILD_DIR}/${FRAMEWORKS_FOLDER_PATH}/RxRealm.framework",
				"${TARGET_BUILD_DIR}/${FRAMEWORKS_FOLDER_PATH}/RxRealmDataSources.framework",
				"${TARGET_BUILD_DIR}/${FRAMEWORKS_FOLDER_PATH}/RxSwift.framework",
				"${TARGET_BUILD_DIR}/${FRAMEWORKS_FOLDER_PATH}/SwiftyJSON.framework",
			);
			runOnlyForDeploymentPostprocessing = 0;
			shellPath = /bin/sh;
			shellScript = "\"${SRCROOT}/Pods/Target Support Files/Pods-WannaWatch/Pods-WannaWatch-frameworks.sh\"\n";
			showEnvVarsInLog = 0;
		};
		392F13EBCF463EFD6219FD04 /* [CP] Embed Pods Frameworks */ = {
			isa = PBXShellScriptBuildPhase;
			buildActionMask = 2147483647;
			files = (
			);
			inputPaths = (
				"${SRCROOT}/Pods/Target Support Files/Pods-WannaWatchTests/Pods-WannaWatchTests-frameworks.sh",
				"${BUILT_PRODUCTS_DIR}/RxSwift/RxSwift.framework",
				"${BUILT_PRODUCTS_DIR}/RxBlocking/RxBlocking.framework",
				"${BUILT_PRODUCTS_DIR}/RxTest/RxTest.framework",
			);
			name = "[CP] Embed Pods Frameworks";
			outputPaths = (
				"${TARGET_BUILD_DIR}/${FRAMEWORKS_FOLDER_PATH}/RxSwift.framework",
				"${TARGET_BUILD_DIR}/${FRAMEWORKS_FOLDER_PATH}/RxBlocking.framework",
				"${TARGET_BUILD_DIR}/${FRAMEWORKS_FOLDER_PATH}/RxTest.framework",
			);
			runOnlyForDeploymentPostprocessing = 0;
			shellPath = /bin/sh;
			shellScript = "\"${SRCROOT}/Pods/Target Support Files/Pods-WannaWatchTests/Pods-WannaWatchTests-frameworks.sh\"\n";
			showEnvVarsInLog = 0;
		};
		6FD4C4F27E7099EECBB46867 /* [CP] Check Pods Manifest.lock */ = {
			isa = PBXShellScriptBuildPhase;
			buildActionMask = 2147483647;
			files = (
			);
			inputPaths = (
				"${PODS_PODFILE_DIR_PATH}/Podfile.lock",
				"${PODS_ROOT}/Manifest.lock",
			);
			name = "[CP] Check Pods Manifest.lock";
			outputPaths = (
				"$(DERIVED_FILE_DIR)/Pods-WannaWatch-checkManifestLockResult.txt",
			);
			runOnlyForDeploymentPostprocessing = 0;
			shellPath = /bin/sh;
			shellScript = "diff \"${PODS_PODFILE_DIR_PATH}/Podfile.lock\" \"${PODS_ROOT}/Manifest.lock\" > /dev/null\nif [ $? != 0 ] ; then\n    # print error to STDERR\n    echo \"error: The sandbox is not in sync with the Podfile.lock. Run 'pod install' or update your CocoaPods installation.\" >&2\n    exit 1\nfi\n# This output is used by Xcode 'outputs' to avoid re-running this script phase.\necho \"SUCCESS\" > \"${SCRIPT_OUTPUT_FILE_0}\"\n";
			showEnvVarsInLog = 0;
		};
		77B450B482DC037D671C2969 /* [CP] Copy Pods Resources */ = {
			isa = PBXShellScriptBuildPhase;
			buildActionMask = 2147483647;
			files = (
			);
			inputPaths = (
			);
			name = "[CP] Copy Pods Resources";
			outputPaths = (
			);
			runOnlyForDeploymentPostprocessing = 0;
			shellPath = /bin/sh;
			shellScript = "\"${SRCROOT}/Pods/Target Support Files/Pods-WannaWatchTests/Pods-WannaWatchTests-resources.sh\"\n";
			showEnvVarsInLog = 0;
		};
		F1589AFFB5DBA72FD6E4D0A3 /* [CP] Copy Pods Resources */ = {
			isa = PBXShellScriptBuildPhase;
			buildActionMask = 2147483647;
			files = (
			);
			inputPaths = (
			);
			name = "[CP] Copy Pods Resources";
			outputPaths = (
			);
			runOnlyForDeploymentPostprocessing = 0;
			shellPath = /bin/sh;
			shellScript = "\"${SRCROOT}/Pods/Target Support Files/Pods-WannaWatch/Pods-WannaWatch-resources.sh\"\n";
			showEnvVarsInLog = 0;
		};
		FD9150163B26331AD7FF34D3 /* [CP] Check Pods Manifest.lock */ = {
			isa = PBXShellScriptBuildPhase;
			buildActionMask = 2147483647;
			files = (
			);
			inputPaths = (
				"${PODS_PODFILE_DIR_PATH}/Podfile.lock",
				"${PODS_ROOT}/Manifest.lock",
			);
			name = "[CP] Check Pods Manifest.lock";
			outputPaths = (
				"$(DERIVED_FILE_DIR)/Pods-WannaWatchTests-checkManifestLockResult.txt",
			);
			runOnlyForDeploymentPostprocessing = 0;
			shellPath = /bin/sh;
			shellScript = "diff \"${PODS_PODFILE_DIR_PATH}/Podfile.lock\" \"${PODS_ROOT}/Manifest.lock\" > /dev/null\nif [ $? != 0 ] ; then\n    # print error to STDERR\n    echo \"error: The sandbox is not in sync with the Podfile.lock. Run 'pod install' or update your CocoaPods installation.\" >&2\n    exit 1\nfi\n# This output is used by Xcode 'outputs' to avoid re-running this script phase.\necho \"SUCCESS\" > \"${SCRIPT_OUTPUT_FILE_0}\"\n";
			showEnvVarsInLog = 0;
		};
/* End PBXShellScriptBuildPhase section */

/* Begin PBXSourcesBuildPhase section */
		062149F71F68BF52007497AB /* Sources */ = {
			isa = PBXSourcesBuildPhase;
			buildActionMask = 2147483647;
			files = (
				062DEA591F78A6F80069DEB7 /* CustomButton.swift in Sources */,
				062213861F7654840080EF08 /* BindableType.swift in Sources */,
				06397AC71F78D3E600F43431 /* SceneCoordinator.swift in Sources */,
				06397AC31F78CA5300F43431 /* SceneCoordinatorType.swift in Sources */,
				0697A7C91F6DFCD300BE78DB /* RequestRouter.swift in Sources */,
				0697A7CE1F6E53BF00BE78DB /* MovieListViewViewModel.swift in Sources */,
				06397AC11F78C5A700F43431 /* Scene.swift in Sources */,
				06E2C7251F6DFA66003A28DE /* MovieListViewController.swift in Sources */,
				062DEA561F78A1920069DEB7 /* MovieDetailViewController.swift in Sources */,
				063B3C561F76608D00D9DAE6 /* MovieService.swift in Sources */,
				0697A7CC1F6E3E5E00BE78DB /* MainTabBarController.swift in Sources */,
				06D3C6651F68D00700AF38D8 /* Movie.swift in Sources */,
				062DEA541F78A17E0069DEB7 /* MovieDetailViewViewModel.swift in Sources */,
				0697A7C61F6DFAD800BE78DB /* MovieListTableViewCell.swift in Sources */,
				0622138A1F7656760080EF08 /* MovieServiceType.swift in Sources */,
				062149FF1F68BF52007497AB /* AppDelegate.swift in Sources */,
				06397AC51F78CAAE00F43431 /* SceneTransitionType.swift in Sources */,
			);
			runOnlyForDeploymentPostprocessing = 0;
		};
		06214A0B1F68BF52007497AB /* Sources */ = {
			isa = PBXSourcesBuildPhase;
			buildActionMask = 2147483647;
			files = (
				06214A141F68BF52007497AB /* WannaWatchTests.swift in Sources */,
			);
			runOnlyForDeploymentPostprocessing = 0;
		};
/* End PBXSourcesBuildPhase section */

/* Begin PBXTargetDependency section */
		06214A111F68BF52007497AB /* PBXTargetDependency */ = {
			isa = PBXTargetDependency;
			target = 062149FA1F68BF52007497AB /* WannaWatch */;
			targetProxy = 06214A101F68BF52007497AB /* PBXContainerItemProxy */;
		};
/* End PBXTargetDependency section */

/* Begin PBXVariantGroup section */
		06214A021F68BF52007497AB /* Main.storyboard */ = {
			isa = PBXVariantGroup;
			children = (
				06214A031F68BF52007497AB /* Base */,
			);
			name = Main.storyboard;
			sourceTree = "<group>";
		};
		06214A071F68BF52007497AB /* LaunchScreen.storyboard */ = {
			isa = PBXVariantGroup;
			children = (
				06214A081F68BF52007497AB /* Base */,
			);
			name = LaunchScreen.storyboard;
			sourceTree = "<group>";
		};
/* End PBXVariantGroup section */

/* Begin XCBuildConfiguration section */
		06214A161F68BF52007497AB /* Debug */ = {
			isa = XCBuildConfiguration;
			buildSettings = {
				ALWAYS_SEARCH_USER_PATHS = NO;
				CLANG_ANALYZER_NONNULL = YES;
				CLANG_ANALYZER_NUMBER_OBJECT_CONVERSION = YES_AGGRESSIVE;
				CLANG_CXX_LANGUAGE_STANDARD = "gnu++14";
				CLANG_CXX_LIBRARY = "libc++";
				CLANG_ENABLE_MODULES = YES;
				CLANG_ENABLE_OBJC_ARC = YES;
				CLANG_WARN_BLOCK_CAPTURE_AUTORELEASING = YES;
				CLANG_WARN_BOOL_CONVERSION = YES;
				CLANG_WARN_COMMA = YES;
				CLANG_WARN_CONSTANT_CONVERSION = YES;
				CLANG_WARN_DIRECT_OBJC_ISA_USAGE = YES_ERROR;
				CLANG_WARN_DOCUMENTATION_COMMENTS = YES;
				CLANG_WARN_EMPTY_BODY = YES;
				CLANG_WARN_ENUM_CONVERSION = YES;
				CLANG_WARN_INFINITE_RECURSION = YES;
				CLANG_WARN_INT_CONVERSION = YES;
				CLANG_WARN_NON_LITERAL_NULL_CONVERSION = YES;
				CLANG_WARN_OBJC_LITERAL_CONVERSION = YES;
				CLANG_WARN_OBJC_ROOT_CLASS = YES_ERROR;
				CLANG_WARN_RANGE_LOOP_ANALYSIS = YES;
				CLANG_WARN_STRICT_PROTOTYPES = YES;
				CLANG_WARN_SUSPICIOUS_MOVE = YES;
				CLANG_WARN_UNGUARDED_AVAILABILITY = YES_AGGRESSIVE;
				CLANG_WARN_UNREACHABLE_CODE = YES;
				CLANG_WARN__DUPLICATE_METHOD_MATCH = YES;
				CODE_SIGN_IDENTITY = "iPhone Developer";
				COPY_PHASE_STRIP = NO;
				DEBUG_INFORMATION_FORMAT = dwarf;
				ENABLE_STRICT_OBJC_MSGSEND = YES;
				ENABLE_TESTABILITY = YES;
				GCC_C_LANGUAGE_STANDARD = gnu11;
				GCC_DYNAMIC_NO_PIC = NO;
				GCC_NO_COMMON_BLOCKS = YES;
				GCC_OPTIMIZATION_LEVEL = 0;
				GCC_PREPROCESSOR_DEFINITIONS = (
					"DEBUG=1",
					"$(inherited)",
				);
				GCC_WARN_64_TO_32_BIT_CONVERSION = YES;
				GCC_WARN_ABOUT_RETURN_TYPE = YES_ERROR;
				GCC_WARN_UNDECLARED_SELECTOR = YES;
				GCC_WARN_UNINITIALIZED_AUTOS = YES_AGGRESSIVE;
				GCC_WARN_UNUSED_FUNCTION = YES;
				GCC_WARN_UNUSED_VARIABLE = YES;
				IPHONEOS_DEPLOYMENT_TARGET = 10.0;
				MTL_ENABLE_DEBUG_INFO = YES;
				ONLY_ACTIVE_ARCH = YES;
				SDKROOT = iphoneos;
				SWIFT_ACTIVE_COMPILATION_CONDITIONS = DEBUG;
				SWIFT_OPTIMIZATION_LEVEL = "-Onone";
			};
			name = Debug;
		};
		06214A171F68BF52007497AB /* Release */ = {
			isa = XCBuildConfiguration;
			buildSettings = {
				ALWAYS_SEARCH_USER_PATHS = NO;
				CLANG_ANALYZER_NONNULL = YES;
				CLANG_ANALYZER_NUMBER_OBJECT_CONVERSION = YES_AGGRESSIVE;
				CLANG_CXX_LANGUAGE_STANDARD = "gnu++14";
				CLANG_CXX_LIBRARY = "libc++";
				CLANG_ENABLE_MODULES = YES;
				CLANG_ENABLE_OBJC_ARC = YES;
				CLANG_WARN_BLOCK_CAPTURE_AUTORELEASING = YES;
				CLANG_WARN_BOOL_CONVERSION = YES;
				CLANG_WARN_COMMA = YES;
				CLANG_WARN_CONSTANT_CONVERSION = YES;
				CLANG_WARN_DIRECT_OBJC_ISA_USAGE = YES_ERROR;
				CLANG_WARN_DOCUMENTATION_COMMENTS = YES;
				CLANG_WARN_EMPTY_BODY = YES;
				CLANG_WARN_ENUM_CONVERSION = YES;
				CLANG_WARN_INFINITE_RECURSION = YES;
				CLANG_WARN_INT_CONVERSION = YES;
				CLANG_WARN_NON_LITERAL_NULL_CONVERSION = YES;
				CLANG_WARN_OBJC_LITERAL_CONVERSION = YES;
				CLANG_WARN_OBJC_ROOT_CLASS = YES_ERROR;
				CLANG_WARN_RANGE_LOOP_ANALYSIS = YES;
				CLANG_WARN_STRICT_PROTOTYPES = YES;
				CLANG_WARN_SUSPICIOUS_MOVE = YES;
				CLANG_WARN_UNGUARDED_AVAILABILITY = YES_AGGRESSIVE;
				CLANG_WARN_UNREACHABLE_CODE = YES;
				CLANG_WARN__DUPLICATE_METHOD_MATCH = YES;
				CODE_SIGN_IDENTITY = "iPhone Developer";
				COPY_PHASE_STRIP = NO;
				DEBUG_INFORMATION_FORMAT = "dwarf-with-dsym";
				ENABLE_NS_ASSERTIONS = NO;
				ENABLE_STRICT_OBJC_MSGSEND = YES;
				GCC_C_LANGUAGE_STANDARD = gnu11;
				GCC_NO_COMMON_BLOCKS = YES;
				GCC_WARN_64_TO_32_BIT_CONVERSION = YES;
				GCC_WARN_ABOUT_RETURN_TYPE = YES_ERROR;
				GCC_WARN_UNDECLARED_SELECTOR = YES;
				GCC_WARN_UNINITIALIZED_AUTOS = YES_AGGRESSIVE;
				GCC_WARN_UNUSED_FUNCTION = YES;
				GCC_WARN_UNUSED_VARIABLE = YES;
				IPHONEOS_DEPLOYMENT_TARGET = 10.0;
				MTL_ENABLE_DEBUG_INFO = NO;
				SDKROOT = iphoneos;
				SWIFT_OPTIMIZATION_LEVEL = "-Owholemodule";
				VALIDATE_PRODUCT = YES;
			};
			name = Release;
		};
		06214A191F68BF52007497AB /* Debug */ = {
			isa = XCBuildConfiguration;
			baseConfigurationReference = EF5783973929346D8DD722F5 /* Pods-WannaWatch.debug.xcconfig */;
			buildSettings = {
				ALWAYS_EMBED_SWIFT_STANDARD_LIBRARIES = "$(inherited)";
				ASSETCATALOG_COMPILER_APPICON_NAME = AppIcon;
				CODE_SIGN_STYLE = Automatic;
				DEVELOPMENT_TEAM = WA3KPNE52J;
				INFOPLIST_FILE = "WannaWatch/Supporting Files/Info.plist";
				IPHONEOS_DEPLOYMENT_TARGET = 10.0;
				LD_RUNPATH_SEARCH_PATHS = "$(inherited) @executable_path/Frameworks";
				PRODUCT_BUNDLE_IDENTIFIER = com.fbreidenbach.WannaWatch;
				PRODUCT_NAME = "$(TARGET_NAME)";
				SWIFT_VERSION = 3.0;
				TARGETED_DEVICE_FAMILY = "1,2";
			};
			name = Debug;
		};
		06214A1A1F68BF52007497AB /* Release */ = {
			isa = XCBuildConfiguration;
			baseConfigurationReference = 842588D37849E78B27B00227 /* Pods-WannaWatch.release.xcconfig */;
			buildSettings = {
				ALWAYS_EMBED_SWIFT_STANDARD_LIBRARIES = "$(inherited)";
				ASSETCATALOG_COMPILER_APPICON_NAME = AppIcon;
				CODE_SIGN_STYLE = Automatic;
				DEVELOPMENT_TEAM = WA3KPNE52J;
				INFOPLIST_FILE = "WannaWatch/Supporting Files/Info.plist";
				IPHONEOS_DEPLOYMENT_TARGET = 10.0;
				LD_RUNPATH_SEARCH_PATHS = "$(inherited) @executable_path/Frameworks";
				PRODUCT_BUNDLE_IDENTIFIER = com.fbreidenbach.WannaWatch;
				PRODUCT_NAME = "$(TARGET_NAME)";
				SWIFT_VERSION = 3.0;
				TARGETED_DEVICE_FAMILY = "1,2";
			};
			name = Release;
		};
		06214A1C1F68BF52007497AB /* Debug */ = {
			isa = XCBuildConfiguration;
			baseConfigurationReference = F976A799496A8F21B5137533 /* Pods-WannaWatchTests.debug.xcconfig */;
			buildSettings = {
				ALWAYS_EMBED_SWIFT_STANDARD_LIBRARIES = "$(inherited)";
				BUNDLE_LOADER = "$(TEST_HOST)";
				CODE_SIGN_STYLE = Automatic;
				DEVELOPMENT_TEAM = WA3KPNE52J;
				INFOPLIST_FILE = WannaWatchTests/Info.plist;
				LD_RUNPATH_SEARCH_PATHS = "$(inherited) @executable_path/Frameworks @loader_path/Frameworks";
				PRODUCT_BUNDLE_IDENTIFIER = com.fbreidenbach.WannaWatchTests;
				PRODUCT_NAME = "$(TARGET_NAME)";
				SWIFT_VERSION = 3.0;
				TARGETED_DEVICE_FAMILY = "1,2";
				TEST_HOST = "$(BUILT_PRODUCTS_DIR)/WannaWatch.app/WannaWatch";
			};
			name = Debug;
		};
		06214A1D1F68BF52007497AB /* Release */ = {
			isa = XCBuildConfiguration;
			baseConfigurationReference = 615A9E55CB1FC10E24EB3C76 /* Pods-WannaWatchTests.release.xcconfig */;
			buildSettings = {
				ALWAYS_EMBED_SWIFT_STANDARD_LIBRARIES = "$(inherited)";
				BUNDLE_LOADER = "$(TEST_HOST)";
				CODE_SIGN_STYLE = Automatic;
				DEVELOPMENT_TEAM = WA3KPNE52J;
				INFOPLIST_FILE = WannaWatchTests/Info.plist;
				LD_RUNPATH_SEARCH_PATHS = "$(inherited) @executable_path/Frameworks @loader_path/Frameworks";
				PRODUCT_BUNDLE_IDENTIFIER = com.fbreidenbach.WannaWatchTests;
				PRODUCT_NAME = "$(TARGET_NAME)";
				SWIFT_VERSION = 3.0;
				TARGETED_DEVICE_FAMILY = "1,2";
				TEST_HOST = "$(BUILT_PRODUCTS_DIR)/WannaWatch.app/WannaWatch";
			};
			name = Release;
		};
/* End XCBuildConfiguration section */

/* Begin XCConfigurationList section */
		062149F61F68BF52007497AB /* Build configuration list for PBXProject "WannaWatch" */ = {
			isa = XCConfigurationList;
			buildConfigurations = (
				06214A161F68BF52007497AB /* Debug */,
				06214A171F68BF52007497AB /* Release */,
			);
			defaultConfigurationIsVisible = 0;
			defaultConfigurationName = Release;
		};
		06214A181F68BF52007497AB /* Build configuration list for PBXNativeTarget "WannaWatch" */ = {
			isa = XCConfigurationList;
			buildConfigurations = (
				06214A191F68BF52007497AB /* Debug */,
				06214A1A1F68BF52007497AB /* Release */,
			);
			defaultConfigurationIsVisible = 0;
			defaultConfigurationName = Release;
		};
		06214A1B1F68BF52007497AB /* Build configuration list for PBXNativeTarget "WannaWatchTests" */ = {
			isa = XCConfigurationList;
			buildConfigurations = (
				06214A1C1F68BF52007497AB /* Debug */,
				06214A1D1F68BF52007497AB /* Release */,
			);
			defaultConfigurationIsVisible = 0;
			defaultConfigurationName = Release;
		};
/* End XCConfigurationList section */
	};
	rootObject = 062149F31F68BF52007497AB /* Project object */;
}
